// !$*UTF8*$!
{
	archiveVersion = 1;
	classes = {
	};
	objectVersion = 55;
	objects = {

/* Begin PBXBuildFile section */
		1503571026E415630049AA1D /* Date+tomorrow.swift in Sources */ = {isa = PBXBuildFile; fileRef = 1503570F26E415630049AA1D /* Date+tomorrow.swift */; };
		1503571126E415630049AA1D /* Date+tomorrow.swift in Sources */ = {isa = PBXBuildFile; fileRef = 1503570F26E415630049AA1D /* Date+tomorrow.swift */; };
		151423A426CDCF6D009C2C8B /* Tests_iOS.swift in Sources */ = {isa = PBXBuildFile; fileRef = 151423A326CDCF6D009C2C8B /* Tests_iOS.swift */; };
		151423A626CDCF6D009C2C8B /* Tests_iOSLaunchTests.swift in Sources */ = {isa = PBXBuildFile; fileRef = 151423A526CDCF6D009C2C8B /* Tests_iOSLaunchTests.swift */; };
		151423B026CDCF6D009C2C8B /* Tests_macOS.swift in Sources */ = {isa = PBXBuildFile; fileRef = 151423AF26CDCF6D009C2C8B /* Tests_macOS.swift */; };
		151423B226CDCF6D009C2C8B /* Tests_macOSLaunchTests.swift in Sources */ = {isa = PBXBuildFile; fileRef = 151423B126CDCF6D009C2C8B /* Tests_macOSLaunchTests.swift */; };
		151423B326CDCF6D009C2C8B /* Telescope.xcdatamodeld in Sources */ = {isa = PBXBuildFile; fileRef = 1514238A26CDCF6B009C2C8B /* Telescope.xcdatamodeld */; };
		151423B426CDCF6D009C2C8B /* Telescope.xcdatamodeld in Sources */ = {isa = PBXBuildFile; fileRef = 1514238A26CDCF6B009C2C8B /* Telescope.xcdatamodeld */; };
		151423B526CDCF6D009C2C8B /* TelescopeApp.swift in Sources */ = {isa = PBXBuildFile; fileRef = 1514238C26CDCF6B009C2C8B /* TelescopeApp.swift */; };
		151423B626CDCF6D009C2C8B /* TelescopeApp.swift in Sources */ = {isa = PBXBuildFile; fileRef = 1514238C26CDCF6B009C2C8B /* TelescopeApp.swift */; };
		151423B726CDCF6D009C2C8B /* ContentView.swift in Sources */ = {isa = PBXBuildFile; fileRef = 1514238D26CDCF6B009C2C8B /* ContentView.swift */; };
		151423B826CDCF6D009C2C8B /* ContentView.swift in Sources */ = {isa = PBXBuildFile; fileRef = 1514238D26CDCF6B009C2C8B /* ContentView.swift */; };
		151423B926CDCF6D009C2C8B /* Persistence.swift in Sources */ = {isa = PBXBuildFile; fileRef = 1514238E26CDCF6B009C2C8B /* Persistence.swift */; };
		151423BA26CDCF6D009C2C8B /* Persistence.swift in Sources */ = {isa = PBXBuildFile; fileRef = 1514238E26CDCF6B009C2C8B /* Persistence.swift */; };
		151423BB26CDCF6D009C2C8B /* Assets.xcassets in Resources */ = {isa = PBXBuildFile; fileRef = 1514238F26CDCF6D009C2C8B /* Assets.xcassets */; };
		151423BC26CDCF6D009C2C8B /* Assets.xcassets in Resources */ = {isa = PBXBuildFile; fileRef = 1514238F26CDCF6D009C2C8B /* Assets.xcassets */; };
		151423CC26CDD197009C2C8B /* CoreData+Convenience.swift in Sources */ = {isa = PBXBuildFile; fileRef = 151423CB26CDD197009C2C8B /* CoreData+Convenience.swift */; };
		151423CD26CDD197009C2C8B /* CoreData+Convenience.swift in Sources */ = {isa = PBXBuildFile; fileRef = 151423CB26CDD197009C2C8B /* CoreData+Convenience.swift */; };
		1540565C26D0BAF400401495 /* StarSidebar.swift in Sources */ = {isa = PBXBuildFile; fileRef = 1540565B26D0BAF400401495 /* StarSidebar.swift */; };
		1540565D26D0BAF400401495 /* StarSidebar.swift in Sources */ = {isa = PBXBuildFile; fileRef = 1540565B26D0BAF400401495 /* StarSidebar.swift */; };
		1540565F26D0BB7600401495 /* String+Convenience.swift in Sources */ = {isa = PBXBuildFile; fileRef = 1540565E26D0BB7600401495 /* String+Convenience.swift */; };
		1540566026D0BB7600401495 /* String+Convenience.swift in Sources */ = {isa = PBXBuildFile; fileRef = 1540565E26D0BB7600401495 /* String+Convenience.swift */; };
		1540566226D0C62700401495 /* StarSidebarCell.swift in Sources */ = {isa = PBXBuildFile; fileRef = 1540566126D0C62700401495 /* StarSidebarCell.swift */; };
		1540566326D0C62700401495 /* StarSidebarCell.swift in Sources */ = {isa = PBXBuildFile; fileRef = 1540566126D0C62700401495 /* StarSidebarCell.swift */; };
		1545039A26D5F47D003826C7 /* StarCreationSheet.swift in Sources */ = {isa = PBXBuildFile; fileRef = 1545039926D5F47C003826C7 /* StarCreationSheet.swift */; };
		1545039B26D5F47D003826C7 /* StarCreationSheet.swift in Sources */ = {isa = PBXBuildFile; fileRef = 1545039926D5F47C003826C7 /* StarCreationSheet.swift */; };
		157A61FA26DB5EF20097BB4F /* ContentType.swift in Sources */ = {isa = PBXBuildFile; fileRef = 157A61F926DB5EF20097BB4F /* ContentType.swift */; };
		157A61FB26DB5EF20097BB4F /* ContentType.swift in Sources */ = {isa = PBXBuildFile; fileRef = 157A61F926DB5EF20097BB4F /* ContentType.swift */; };
		157A620026DCA28C0097BB4F /* MacEditorTextView.swift in Sources */ = {isa = PBXBuildFile; fileRef = 157A61FF26DCA28C0097BB4F /* MacEditorTextView.swift */; };
		159BEBD926CE1792009FEC7B /* CloudKit.framework in Frameworks */ = {isa = PBXBuildFile; fileRef = 159BEBD826CE1792009FEC7B /* CloudKit.framework */; };
		159BEBDC26CE192B009FEC7B /* CloudKit.framework in Frameworks */ = {isa = PBXBuildFile; fileRef = 159BEBDB26CE192B009FEC7B /* CloudKit.framework */; };
		15E0589F26D1A58100C0871A /* Star+CoreDataClass.swift in Sources */ = {isa = PBXBuildFile; fileRef = 15E0589D26D1A58100C0871A /* Star+CoreDataClass.swift */; };
		15E058A026D1A58100C0871A /* Star+CoreDataClass.swift in Sources */ = {isa = PBXBuildFile; fileRef = 15E0589D26D1A58100C0871A /* Star+CoreDataClass.swift */; };
		15E058A126D1A58100C0871A /* Star+CoreDataProperties.swift in Sources */ = {isa = PBXBuildFile; fileRef = 15E0589E26D1A58100C0871A /* Star+CoreDataProperties.swift */; };
		15E058A226D1A58100C0871A /* Star+CoreDataProperties.swift in Sources */ = {isa = PBXBuildFile; fileRef = 15E0589E26D1A58100C0871A /* Star+CoreDataProperties.swift */; };
		15EC21A626D3394F0043BC0C /* StarDetailView.swift in Sources */ = {isa = PBXBuildFile; fileRef = 15EC21A526D3394F0043BC0C /* StarDetailView.swift */; };
		15EC21A726D3394F0043BC0C /* StarDetailView.swift in Sources */ = {isa = PBXBuildFile; fileRef = 15EC21A526D3394F0043BC0C /* StarDetailView.swift */; };
		15EC21AC26D34D8D0043BC0C /* STLabel.swift in Sources */ = {isa = PBXBuildFile; fileRef = 15EC21AB26D34D8D0043BC0C /* STLabel.swift */; };
		15EC21AD26D34D8D0043BC0C /* STLabel.swift in Sources */ = {isa = PBXBuildFile; fileRef = 15EC21AB26D34D8D0043BC0C /* STLabel.swift */; };
		15EC21AF26D357FC0043BC0C /* View+Convenience.swift in Sources */ = {isa = PBXBuildFile; fileRef = 15EC21AE26D357FC0043BC0C /* View+Convenience.swift */; };
		15EC21B026D357FC0043BC0C /* View+Convenience.swift in Sources */ = {isa = PBXBuildFile; fileRef = 15EC21AE26D357FC0043BC0C /* View+Convenience.swift */; };
/* End PBXBuildFile section */

/* Begin PBXContainerItemProxy section */
		151423A026CDCF6D009C2C8B /* PBXContainerItemProxy */ = {
			isa = PBXContainerItemProxy;
			containerPortal = 1514238526CDCF6A009C2C8B /* Project object */;
			proxyType = 1;
			remoteGlobalIDString = 1514239326CDCF6D009C2C8B;
			remoteInfo = "Telescope (iOS)";
		};
		151423AC26CDCF6D009C2C8B /* PBXContainerItemProxy */ = {
			isa = PBXContainerItemProxy;
			containerPortal = 1514238526CDCF6A009C2C8B /* Project object */;
			proxyType = 1;
			remoteGlobalIDString = 1514239926CDCF6D009C2C8B;
			remoteInfo = "Telescope (macOS)";
		};
/* End PBXContainerItemProxy section */

/* Begin PBXFileReference section */
		1503570F26E415630049AA1D /* Date+tomorrow.swift */ = {isa = PBXFileReference; lastKnownFileType = sourcecode.swift; path = "Date+tomorrow.swift"; sourceTree = "<group>"; };
		1514238B26CDCF6B009C2C8B /* Shared.xcdatamodel */ = {isa = PBXFileReference; lastKnownFileType = wrapper.xcdatamodel; path = Shared.xcdatamodel; sourceTree = "<group>"; };
		1514238C26CDCF6B009C2C8B /* TelescopeApp.swift */ = {isa = PBXFileReference; lastKnownFileType = sourcecode.swift; path = TelescopeApp.swift; sourceTree = "<group>"; };
		1514238D26CDCF6B009C2C8B /* ContentView.swift */ = {isa = PBXFileReference; lastKnownFileType = sourcecode.swift; path = ContentView.swift; sourceTree = "<group>"; };
		1514238E26CDCF6B009C2C8B /* Persistence.swift */ = {isa = PBXFileReference; lastKnownFileType = sourcecode.swift; path = Persistence.swift; sourceTree = "<group>"; };
		1514238F26CDCF6D009C2C8B /* Assets.xcassets */ = {isa = PBXFileReference; lastKnownFileType = folder.assetcatalog; path = Assets.xcassets; sourceTree = "<group>"; };
		1514239426CDCF6D009C2C8B /* Telescope.app */ = {isa = PBXFileReference; explicitFileType = wrapper.application; includeInIndex = 0; path = Telescope.app; sourceTree = BUILT_PRODUCTS_DIR; };
		1514239A26CDCF6D009C2C8B /* Telescope.app */ = {isa = PBXFileReference; explicitFileType = wrapper.application; includeInIndex = 0; path = Telescope.app; sourceTree = BUILT_PRODUCTS_DIR; };
		1514239F26CDCF6D009C2C8B /* Tests iOS.xctest */ = {isa = PBXFileReference; explicitFileType = wrapper.cfbundle; includeInIndex = 0; path = "Tests iOS.xctest"; sourceTree = BUILT_PRODUCTS_DIR; };
		151423A326CDCF6D009C2C8B /* Tests_iOS.swift */ = {isa = PBXFileReference; lastKnownFileType = sourcecode.swift; path = Tests_iOS.swift; sourceTree = "<group>"; };
		151423A526CDCF6D009C2C8B /* Tests_iOSLaunchTests.swift */ = {isa = PBXFileReference; lastKnownFileType = sourcecode.swift; path = Tests_iOSLaunchTests.swift; sourceTree = "<group>"; };
		151423AB26CDCF6D009C2C8B /* Tests macOS.xctest */ = {isa = PBXFileReference; explicitFileType = wrapper.cfbundle; includeInIndex = 0; path = "Tests macOS.xctest"; sourceTree = BUILT_PRODUCTS_DIR; };
		151423AF26CDCF6D009C2C8B /* Tests_macOS.swift */ = {isa = PBXFileReference; lastKnownFileType = sourcecode.swift; path = Tests_macOS.swift; sourceTree = "<group>"; };
		151423B126CDCF6D009C2C8B /* Tests_macOSLaunchTests.swift */ = {isa = PBXFileReference; lastKnownFileType = sourcecode.swift; path = Tests_macOSLaunchTests.swift; sourceTree = "<group>"; };
		151423CB26CDD197009C2C8B /* CoreData+Convenience.swift */ = {isa = PBXFileReference; fileEncoding = 4; lastKnownFileType = sourcecode.swift; path = "CoreData+Convenience.swift"; sourceTree = "<group>"; };
		151423CE26CE169F009C2C8B /* Telescope (macOS).entitlements */ = {isa = PBXFileReference; lastKnownFileType = text.plist.entitlements; path = "Telescope (macOS).entitlements"; sourceTree = "<group>"; };
		1540565B26D0BAF400401495 /* StarSidebar.swift */ = {isa = PBXFileReference; lastKnownFileType = sourcecode.swift; path = StarSidebar.swift; sourceTree = "<group>"; };
		1540565E26D0BB7600401495 /* String+Convenience.swift */ = {isa = PBXFileReference; lastKnownFileType = sourcecode.swift; path = "String+Convenience.swift"; sourceTree = "<group>"; };
		1540566126D0C62700401495 /* StarSidebarCell.swift */ = {isa = PBXFileReference; lastKnownFileType = sourcecode.swift; path = StarSidebarCell.swift; sourceTree = "<group>"; };
		1545039926D5F47C003826C7 /* StarCreationSheet.swift */ = {isa = PBXFileReference; lastKnownFileType = sourcecode.swift; path = StarCreationSheet.swift; sourceTree = "<group>"; };
		157A61F926DB5EF20097BB4F /* ContentType.swift */ = {isa = PBXFileReference; lastKnownFileType = sourcecode.swift; name = ContentType.swift; path = Shared/Models/ContentType.swift; sourceTree = SOURCE_ROOT; };
		157A61FF26DCA28C0097BB4F /* MacEditorTextView.swift */ = {isa = PBXFileReference; fileEncoding = 4; lastKnownFileType = sourcecode.swift; path = MacEditorTextView.swift; sourceTree = "<group>"; };
		159BEBD826CE1792009FEC7B /* CloudKit.framework */ = {isa = PBXFileReference; lastKnownFileType = wrapper.framework; name = CloudKit.framework; path = System/Library/Frameworks/CloudKit.framework; sourceTree = SDKROOT; };
		159BEBDA26CE1928009FEC7B /* Telescope (iOS).entitlements */ = {isa = PBXFileReference; lastKnownFileType = text.plist.entitlements; path = "Telescope (iOS).entitlements"; sourceTree = "<group>"; };
		159BEBDB26CE192B009FEC7B /* CloudKit.framework */ = {isa = PBXFileReference; lastKnownFileType = wrapper.framework; name = CloudKit.framework; path = Platforms/iPhoneOS.platform/Developer/SDKs/iPhoneOS15.0.sdk/System/Library/Frameworks/CloudKit.framework; sourceTree = DEVELOPER_DIR; };
		159BEBDD26CE1930009FEC7B /* Telescope--iOS--Info.plist */ = {isa = PBXFileReference; lastKnownFileType = text.plist.xml; path = "Telescope--iOS--Info.plist"; sourceTree = "<group>"; };
		15E0589D26D1A58100C0871A /* Star+CoreDataClass.swift */ = {isa = PBXFileReference; lastKnownFileType = sourcecode.swift; path = "Star+CoreDataClass.swift"; sourceTree = "<group>"; };
		15E0589E26D1A58100C0871A /* Star+CoreDataProperties.swift */ = {isa = PBXFileReference; lastKnownFileType = sourcecode.swift; path = "Star+CoreDataProperties.swift"; sourceTree = "<group>"; };
		15EC21A526D3394F0043BC0C /* StarDetailView.swift */ = {isa = PBXFileReference; lastKnownFileType = sourcecode.swift; path = StarDetailView.swift; sourceTree = "<group>"; };
		15EC21AB26D34D8D0043BC0C /* STLabel.swift */ = {isa = PBXFileReference; lastKnownFileType = sourcecode.swift; path = STLabel.swift; sourceTree = "<group>"; };
		15EC21AE26D357FC0043BC0C /* View+Convenience.swift */ = {isa = PBXFileReference; lastKnownFileType = sourcecode.swift; path = "View+Convenience.swift"; sourceTree = "<group>"; };
/* End PBXFileReference section */

/* Begin PBXFrameworksBuildPhase section */
		1514239126CDCF6D009C2C8B /* Frameworks */ = {
			isa = PBXFrameworksBuildPhase;
			buildActionMask = 2147483647;
			files = (
				159BEBDC26CE192B009FEC7B /* CloudKit.framework in Frameworks */,
			);
			runOnlyForDeploymentPostprocessing = 0;
		};
		1514239726CDCF6D009C2C8B /* Frameworks */ = {
			isa = PBXFrameworksBuildPhase;
			buildActionMask = 2147483647;
			files = (
				159BEBD926CE1792009FEC7B /* CloudKit.framework in Frameworks */,
			);
			runOnlyForDeploymentPostprocessing = 0;
		};
		1514239C26CDCF6D009C2C8B /* Frameworks */ = {
			isa = PBXFrameworksBuildPhase;
			buildActionMask = 2147483647;
			files = (
			);
			runOnlyForDeploymentPostprocessing = 0;
		};
		151423A826CDCF6D009C2C8B /* Frameworks */ = {
			isa = PBXFrameworksBuildPhase;
			buildActionMask = 2147483647;
			files = (
			);
			runOnlyForDeploymentPostprocessing = 0;
		};
/* End PBXFrameworksBuildPhase section */

/* Begin PBXGroup section */
		1503571226E4156C0049AA1D /* Extensions */ = {
			isa = PBXGroup;
			children = (
				1503570F26E415630049AA1D /* Date+tomorrow.swift */,
			);
			path = Extensions;
			sourceTree = "<group>";
		};
		1514238426CDCF6A009C2C8B = {
			isa = PBXGroup;
			children = (
				1514238926CDCF6B009C2C8B /* Shared */,
				151423D026CE16D2009C2C8B /* macOS */,
				159BEBDE26CE1949009FEC7B /* iOS */,
				151423A226CDCF6D009C2C8B /* Tests iOS */,
				151423AE26CDCF6D009C2C8B /* Tests macOS */,
				1514239526CDCF6D009C2C8B /* Products */,
				159BEBD726CE1792009FEC7B /* Frameworks */,
			);
			sourceTree = "<group>";
		};
		1514238926CDCF6B009C2C8B /* Shared */ = {
			isa = PBXGroup;
			children = (
				1514238C26CDCF6B009C2C8B /* TelescopeApp.swift */,
				15EC21A926D34AB70043BC0C /* Views */,
				15EC21A826D34A4C0043BC0C /* Models */,
				1514238F26CDCF6D009C2C8B /* Assets.xcassets */,
				1503571226E4156C0049AA1D /* Extensions */,
			);
			path = Shared;
			sourceTree = "<group>";
		};
		1514239526CDCF6D009C2C8B /* Products */ = {
			isa = PBXGroup;
			children = (
				1514239426CDCF6D009C2C8B /* Telescope.app */,
				1514239A26CDCF6D009C2C8B /* Telescope.app */,
				1514239F26CDCF6D009C2C8B /* Tests iOS.xctest */,
				151423AB26CDCF6D009C2C8B /* Tests macOS.xctest */,
			);
			name = Products;
			sourceTree = "<group>";
		};
		151423A226CDCF6D009C2C8B /* Tests iOS */ = {
			isa = PBXGroup;
			children = (
				151423A326CDCF6D009C2C8B /* Tests_iOS.swift */,
				151423A526CDCF6D009C2C8B /* Tests_iOSLaunchTests.swift */,
			);
			path = "Tests iOS";
			sourceTree = "<group>";
		};
		151423AE26CDCF6D009C2C8B /* Tests macOS */ = {
			isa = PBXGroup;
			children = (
				151423AF26CDCF6D009C2C8B /* Tests_macOS.swift */,
				151423B126CDCF6D009C2C8B /* Tests_macOSLaunchTests.swift */,
			);
			path = "Tests macOS";
			sourceTree = "<group>";
		};
		151423D026CE16D2009C2C8B /* macOS */ = {
			isa = PBXGroup;
			children = (
				151423CE26CE169F009C2C8B /* Telescope (macOS).entitlements */,
				157A61FE26DCA28C0097BB4F /* Support Views */,
			);
			path = macOS;
			sourceTree = "<group>";
		};
		157A61FE26DCA28C0097BB4F /* Support Views */ = {
			isa = PBXGroup;
			children = (
				157A61FF26DCA28C0097BB4F /* MacEditorTextView.swift */,
			);
			path = "Support Views";
			sourceTree = "<group>";
		};
		159BEBD726CE1792009FEC7B /* Frameworks */ = {
			isa = PBXGroup;
			children = (
				159BEBDB26CE192B009FEC7B /* CloudKit.framework */,
				159BEBD826CE1792009FEC7B /* CloudKit.framework */,
			);
			name = Frameworks;
			sourceTree = "<group>";
		};
		159BEBDE26CE1949009FEC7B /* iOS */ = {
			isa = PBXGroup;
			children = (
				159BEBDD26CE1930009FEC7B /* Telescope--iOS--Info.plist */,
				159BEBDA26CE1928009FEC7B /* Telescope (iOS).entitlements */,
			);
			path = iOS;
			sourceTree = "<group>";
		};
		15EC21A826D34A4C0043BC0C /* Models */ = {
			isa = PBXGroup;
			children = (
				1514238A26CDCF6B009C2C8B /* Telescope.xcdatamodeld */,
				1514238E26CDCF6B009C2C8B /* Persistence.swift */,
				151423CB26CDD197009C2C8B /* CoreData+Convenience.swift */,
				1540565E26D0BB7600401495 /* String+Convenience.swift */,
				15E0589D26D1A58100C0871A /* Star+CoreDataClass.swift */,
				15E0589E26D1A58100C0871A /* Star+CoreDataProperties.swift */,
			);
			path = Models;
			sourceTree = "<group>";
		};
		15EC21A926D34AB70043BC0C /* Views */ = {
			isa = PBXGroup;
			children = (
				1514238D26CDCF6B009C2C8B /* ContentView.swift */,
				1540565B26D0BAF400401495 /* StarSidebar.swift */,
				1540566126D0C62700401495 /* StarSidebarCell.swift */,
				15EC21A526D3394F0043BC0C /* StarDetailView.swift */,
				1545039926D5F47C003826C7 /* StarCreationSheet.swift */,
				157A61F926DB5EF20097BB4F /* ContentType.swift */,
				15EC21AA26D34D720043BC0C /* Supporting Views */,
			);
			path = Views;
			sourceTree = "<group>";
		};
		15EC21AA26D34D720043BC0C /* Supporting Views */ = {
			isa = PBXGroup;
			children = (
				15EC21AB26D34D8D0043BC0C /* STLabel.swift */,
				15EC21AE26D357FC0043BC0C /* View+Convenience.swift */,
			);
			path = "Supporting Views";
			sourceTree = "<group>";
		};
/* End PBXGroup section */

/* Begin PBXNativeTarget section */
		1514239326CDCF6D009C2C8B /* Telescope (iOS) */ = {
			isa = PBXNativeTarget;
			buildConfigurationList = 151423BF26CDCF6D009C2C8B /* Build configuration list for PBXNativeTarget "Telescope (iOS)" */;
			buildPhases = (
				1514239026CDCF6D009C2C8B /* Sources */,
				1514239126CDCF6D009C2C8B /* Frameworks */,
				1514239226CDCF6D009C2C8B /* Resources */,
			);
			buildRules = (
			);
			dependencies = (
			);
			name = "Telescope (iOS)";
			productName = "Telescope (iOS)";
			productReference = 1514239426CDCF6D009C2C8B /* Telescope.app */;
			productType = "com.apple.product-type.application";
		};
		1514239926CDCF6D009C2C8B /* Telescope (macOS) */ = {
			isa = PBXNativeTarget;
			buildConfigurationList = 151423C226CDCF6D009C2C8B /* Build configuration list for PBXNativeTarget "Telescope (macOS)" */;
			buildPhases = (
				1514239626CDCF6D009C2C8B /* Sources */,
				1514239726CDCF6D009C2C8B /* Frameworks */,
				1514239826CDCF6D009C2C8B /* Resources */,
			);
			buildRules = (
			);
			dependencies = (
			);
			name = "Telescope (macOS)";
			productName = "Telescope (macOS)";
			productReference = 1514239A26CDCF6D009C2C8B /* Telescope.app */;
			productType = "com.apple.product-type.application";
		};
		1514239E26CDCF6D009C2C8B /* Tests iOS */ = {
			isa = PBXNativeTarget;
			buildConfigurationList = 151423C526CDCF6D009C2C8B /* Build configuration list for PBXNativeTarget "Tests iOS" */;
			buildPhases = (
				1514239B26CDCF6D009C2C8B /* Sources */,
				1514239C26CDCF6D009C2C8B /* Frameworks */,
				1514239D26CDCF6D009C2C8B /* Resources */,
			);
			buildRules = (
			);
			dependencies = (
				151423A126CDCF6D009C2C8B /* PBXTargetDependency */,
			);
			name = "Tests iOS";
			productName = "Tests iOS";
			productReference = 1514239F26CDCF6D009C2C8B /* Tests iOS.xctest */;
			productType = "com.apple.product-type.bundle.ui-testing";
		};
		151423AA26CDCF6D009C2C8B /* Tests macOS */ = {
			isa = PBXNativeTarget;
			buildConfigurationList = 151423C826CDCF6D009C2C8B /* Build configuration list for PBXNativeTarget "Tests macOS" */;
			buildPhases = (
				151423A726CDCF6D009C2C8B /* Sources */,
				151423A826CDCF6D009C2C8B /* Frameworks */,
				151423A926CDCF6D009C2C8B /* Resources */,
			);
			buildRules = (
			);
			dependencies = (
				151423AD26CDCF6D009C2C8B /* PBXTargetDependency */,
			);
			name = "Tests macOS";
			productName = "Tests macOS";
			productReference = 151423AB26CDCF6D009C2C8B /* Tests macOS.xctest */;
			productType = "com.apple.product-type.bundle.ui-testing";
		};
/* End PBXNativeTarget section */

/* Begin PBXProject section */
		1514238526CDCF6A009C2C8B /* Project object */ = {
			isa = PBXProject;
			attributes = {
				BuildIndependentTargetsInParallel = 1;
				LastSwiftUpdateCheck = 1300;
				LastUpgradeCheck = 1300;
				TargetAttributes = {
					1514239326CDCF6D009C2C8B = {
						CreatedOnToolsVersion = 13.0;
					};
					1514239926CDCF6D009C2C8B = {
						CreatedOnToolsVersion = 13.0;
					};
					1514239E26CDCF6D009C2C8B = {
						CreatedOnToolsVersion = 13.0;
						TestTargetID = 1514239326CDCF6D009C2C8B;
					};
					151423AA26CDCF6D009C2C8B = {
						CreatedOnToolsVersion = 13.0;
						TestTargetID = 1514239926CDCF6D009C2C8B;
					};
				};
			};
			buildConfigurationList = 1514238826CDCF6A009C2C8B /* Build configuration list for PBXProject "Telescope" */;
			compatibilityVersion = "Xcode 13.0";
			developmentRegion = en;
			hasScannedForEncodings = 0;
			knownRegions = (
				en,
				Base,
			);
			mainGroup = 1514238426CDCF6A009C2C8B;
			productRefGroup = 1514239526CDCF6D009C2C8B /* Products */;
			projectDirPath = "";
			projectRoot = "";
			targets = (
				1514239326CDCF6D009C2C8B /* Telescope (iOS) */,
				1514239926CDCF6D009C2C8B /* Telescope (macOS) */,
				1514239E26CDCF6D009C2C8B /* Tests iOS */,
				151423AA26CDCF6D009C2C8B /* Tests macOS */,
			);
		};
/* End PBXProject section */

/* Begin PBXResourcesBuildPhase section */
		1514239226CDCF6D009C2C8B /* Resources */ = {
			isa = PBXResourcesBuildPhase;
			buildActionMask = 2147483647;
			files = (
				151423BB26CDCF6D009C2C8B /* Assets.xcassets in Resources */,
			);
			runOnlyForDeploymentPostprocessing = 0;
		};
		1514239826CDCF6D009C2C8B /* Resources */ = {
			isa = PBXResourcesBuildPhase;
			buildActionMask = 2147483647;
			files = (
				151423BC26CDCF6D009C2C8B /* Assets.xcassets in Resources */,
			);
			runOnlyForDeploymentPostprocessing = 0;
		};
		1514239D26CDCF6D009C2C8B /* Resources */ = {
			isa = PBXResourcesBuildPhase;
			buildActionMask = 2147483647;
			files = (
			);
			runOnlyForDeploymentPostprocessing = 0;
		};
		151423A926CDCF6D009C2C8B /* Resources */ = {
			isa = PBXResourcesBuildPhase;
			buildActionMask = 2147483647;
			files = (
			);
			runOnlyForDeploymentPostprocessing = 0;
		};
/* End PBXResourcesBuildPhase section */

/* Begin PBXSourcesBuildPhase section */
		1514239026CDCF6D009C2C8B /* Sources */ = {
			isa = PBXSourcesBuildPhase;
			buildActionMask = 2147483647;
			files = (
				1503571026E415630049AA1D /* Date+tomorrow.swift in Sources */,
				1540565C26D0BAF400401495 /* StarSidebar.swift in Sources */,
				15EC21AF26D357FC0043BC0C /* View+Convenience.swift in Sources */,
				1545039A26D5F47D003826C7 /* StarCreationSheet.swift in Sources */,
				151423B526CDCF6D009C2C8B /* TelescopeApp.swift in Sources */,
				15E0589F26D1A58100C0871A /* Star+CoreDataClass.swift in Sources */,
				151423B926CDCF6D009C2C8B /* Persistence.swift in Sources */,
				151423CC26CDD197009C2C8B /* CoreData+Convenience.swift in Sources */,
				1540566226D0C62700401495 /* StarSidebarCell.swift in Sources */,
				151423B326CDCF6D009C2C8B /* Telescope.xcdatamodeld in Sources */,
				15E058A126D1A58100C0871A /* Star+CoreDataProperties.swift in Sources */,
				157A61FA26DB5EF20097BB4F /* ContentType.swift in Sources */,
				1540565F26D0BB7600401495 /* String+Convenience.swift in Sources */,
				151423B726CDCF6D009C2C8B /* ContentView.swift in Sources */,
				15EC21A626D3394F0043BC0C /* StarDetailView.swift in Sources */,
				15EC21AC26D34D8D0043BC0C /* STLabel.swift in Sources */,
			);
			runOnlyForDeploymentPostprocessing = 0;
		};
		1514239626CDCF6D009C2C8B /* Sources */ = {
			isa = PBXSourcesBuildPhase;
			buildActionMask = 2147483647;
			files = (
				157A620026DCA28C0097BB4F /* MacEditorTextView.swift in Sources */,
				1540565D26D0BAF400401495 /* StarSidebar.swift in Sources */,
				15EC21B026D357FC0043BC0C /* View+Convenience.swift in Sources */,
				1545039B26D5F47D003826C7 /* StarCreationSheet.swift in Sources */,
				151423B626CDCF6D009C2C8B /* TelescopeApp.swift in Sources */,
				15E058A026D1A58100C0871A /* Star+CoreDataClass.swift in Sources */,
				151423BA26CDCF6D009C2C8B /* Persistence.swift in Sources */,
				151423CD26CDD197009C2C8B /* CoreData+Convenience.swift in Sources */,
				1540566326D0C62700401495 /* StarSidebarCell.swift in Sources */,
				151423B426CDCF6D009C2C8B /* Telescope.xcdatamodeld in Sources */,
				15E058A226D1A58100C0871A /* Star+CoreDataProperties.swift in Sources */,
				1503571126E415630049AA1D /* Date+tomorrow.swift in Sources */,
				157A61FB26DB5EF20097BB4F /* ContentType.swift in Sources */,
				1540566026D0BB7600401495 /* String+Convenience.swift in Sources */,
				151423B826CDCF6D009C2C8B /* ContentView.swift in Sources */,
				15EC21A726D3394F0043BC0C /* StarDetailView.swift in Sources */,
				15EC21AD26D34D8D0043BC0C /* STLabel.swift in Sources */,
			);
			runOnlyForDeploymentPostprocessing = 0;
		};
		1514239B26CDCF6D009C2C8B /* Sources */ = {
			isa = PBXSourcesBuildPhase;
			buildActionMask = 2147483647;
			files = (
				151423A626CDCF6D009C2C8B /* Tests_iOSLaunchTests.swift in Sources */,
				151423A426CDCF6D009C2C8B /* Tests_iOS.swift in Sources */,
			);
			runOnlyForDeploymentPostprocessing = 0;
		};
		151423A726CDCF6D009C2C8B /* Sources */ = {
			isa = PBXSourcesBuildPhase;
			buildActionMask = 2147483647;
			files = (
				151423B226CDCF6D009C2C8B /* Tests_macOSLaunchTests.swift in Sources */,
				151423B026CDCF6D009C2C8B /* Tests_macOS.swift in Sources */,
			);
			runOnlyForDeploymentPostprocessing = 0;
		};
/* End PBXSourcesBuildPhase section */

/* Begin PBXTargetDependency section */
		151423A126CDCF6D009C2C8B /* PBXTargetDependency */ = {
			isa = PBXTargetDependency;
			target = 1514239326CDCF6D009C2C8B /* Telescope (iOS) */;
			targetProxy = 151423A026CDCF6D009C2C8B /* PBXContainerItemProxy */;
		};
		151423AD26CDCF6D009C2C8B /* PBXTargetDependency */ = {
			isa = PBXTargetDependency;
			target = 1514239926CDCF6D009C2C8B /* Telescope (macOS) */;
			targetProxy = 151423AC26CDCF6D009C2C8B /* PBXContainerItemProxy */;
		};
/* End PBXTargetDependency section */

/* Begin XCBuildConfiguration section */
		151423BD26CDCF6D009C2C8B /* Debug */ = {
			isa = XCBuildConfiguration;
			buildSettings = {
				ALWAYS_SEARCH_USER_PATHS = NO;
				CLANG_ANALYZER_NONNULL = YES;
				CLANG_ANALYZER_NUMBER_OBJECT_CONVERSION = YES_AGGRESSIVE;
				CLANG_CXX_LANGUAGE_STANDARD = "gnu++17";
				CLANG_CXX_LIBRARY = "libc++";
				CLANG_ENABLE_MODULES = YES;
				CLANG_ENABLE_OBJC_ARC = YES;
				CLANG_ENABLE_OBJC_WEAK = YES;
				CLANG_WARN_BLOCK_CAPTURE_AUTORELEASING = YES;
				CLANG_WARN_BOOL_CONVERSION = YES;
				CLANG_WARN_COMMA = YES;
				CLANG_WARN_CONSTANT_CONVERSION = YES;
				CLANG_WARN_DEPRECATED_OBJC_IMPLEMENTATIONS = YES;
				CLANG_WARN_DIRECT_OBJC_ISA_USAGE = YES_ERROR;
				CLANG_WARN_DOCUMENTATION_COMMENTS = YES;
				CLANG_WARN_EMPTY_BODY = YES;
				CLANG_WARN_ENUM_CONVERSION = YES;
				CLANG_WARN_INFINITE_RECURSION = YES;
				CLANG_WARN_INT_CONVERSION = YES;
				CLANG_WARN_NON_LITERAL_NULL_CONVERSION = YES;
				CLANG_WARN_OBJC_IMPLICIT_RETAIN_SELF = YES;
				CLANG_WARN_OBJC_LITERAL_CONVERSION = YES;
				CLANG_WARN_OBJC_ROOT_CLASS = YES_ERROR;
				CLANG_WARN_QUOTED_INCLUDE_IN_FRAMEWORK_HEADER = YES;
				CLANG_WARN_RANGE_LOOP_ANALYSIS = YES;
				CLANG_WARN_STRICT_PROTOTYPES = YES;
				CLANG_WARN_SUSPICIOUS_MOVE = YES;
				CLANG_WARN_UNGUARDED_AVAILABILITY = YES_AGGRESSIVE;
				CLANG_WARN_UNREACHABLE_CODE = YES;
				CLANG_WARN__DUPLICATE_METHOD_MATCH = YES;
				COPY_PHASE_STRIP = NO;
				DEBUG_INFORMATION_FORMAT = dwarf;
				ENABLE_STRICT_OBJC_MSGSEND = YES;
				ENABLE_TESTABILITY = YES;
				GCC_C_LANGUAGE_STANDARD = gnu11;
				GCC_DYNAMIC_NO_PIC = NO;
				GCC_NO_COMMON_BLOCKS = YES;
				GCC_OPTIMIZATION_LEVEL = 0;
				GCC_PREPROCESSOR_DEFINITIONS = (
					"DEBUG=1",
					"$(inherited)",
				);
				GCC_WARN_64_TO_32_BIT_CONVERSION = YES;
				GCC_WARN_ABOUT_RETURN_TYPE = YES_ERROR;
				GCC_WARN_UNDECLARED_SELECTOR = YES;
				GCC_WARN_UNINITIALIZED_AUTOS = YES_AGGRESSIVE;
				GCC_WARN_UNUSED_FUNCTION = YES;
				GCC_WARN_UNUSED_VARIABLE = YES;
				MTL_ENABLE_DEBUG_INFO = INCLUDE_SOURCE;
				MTL_FAST_MATH = YES;
				ONLY_ACTIVE_ARCH = YES;
				SWIFT_ACTIVE_COMPILATION_CONDITIONS = DEBUG;
				SWIFT_OPTIMIZATION_LEVEL = "-Onone";
			};
			name = Debug;
		};
		151423BE26CDCF6D009C2C8B /* Release */ = {
			isa = XCBuildConfiguration;
			buildSettings = {
				ALWAYS_SEARCH_USER_PATHS = NO;
				CLANG_ANALYZER_NONNULL = YES;
				CLANG_ANALYZER_NUMBER_OBJECT_CONVERSION = YES_AGGRESSIVE;
				CLANG_CXX_LANGUAGE_STANDARD = "gnu++17";
				CLANG_CXX_LIBRARY = "libc++";
				CLANG_ENABLE_MODULES = YES;
				CLANG_ENABLE_OBJC_ARC = YES;
				CLANG_ENABLE_OBJC_WEAK = YES;
				CLANG_WARN_BLOCK_CAPTURE_AUTORELEASING = YES;
				CLANG_WARN_BOOL_CONVERSION = YES;
				CLANG_WARN_COMMA = YES;
				CLANG_WARN_CONSTANT_CONVERSION = YES;
				CLANG_WARN_DEPRECATED_OBJC_IMPLEMENTATIONS = YES;
				CLANG_WARN_DIRECT_OBJC_ISA_USAGE = YES_ERROR;
				CLANG_WARN_DOCUMENTATION_COMMENTS = YES;
				CLANG_WARN_EMPTY_BODY = YES;
				CLANG_WARN_ENUM_CONVERSION = YES;
				CLANG_WARN_INFINITE_RECURSION = YES;
				CLANG_WARN_INT_CONVERSION = YES;
				CLANG_WARN_NON_LITERAL_NULL_CONVERSION = YES;
				CLANG_WARN_OBJC_IMPLICIT_RETAIN_SELF = YES;
				CLANG_WARN_OBJC_LITERAL_CONVERSION = YES;
				CLANG_WARN_OBJC_ROOT_CLASS = YES_ERROR;
				CLANG_WARN_QUOTED_INCLUDE_IN_FRAMEWORK_HEADER = YES;
				CLANG_WARN_RANGE_LOOP_ANALYSIS = YES;
				CLANG_WARN_STRICT_PROTOTYPES = YES;
				CLANG_WARN_SUSPICIOUS_MOVE = YES;
				CLANG_WARN_UNGUARDED_AVAILABILITY = YES_AGGRESSIVE;
				CLANG_WARN_UNREACHABLE_CODE = YES;
				CLANG_WARN__DUPLICATE_METHOD_MATCH = YES;
				COPY_PHASE_STRIP = NO;
				DEBUG_INFORMATION_FORMAT = "dwarf-with-dsym";
				ENABLE_NS_ASSERTIONS = NO;
				ENABLE_STRICT_OBJC_MSGSEND = YES;
				GCC_C_LANGUAGE_STANDARD = gnu11;
				GCC_NO_COMMON_BLOCKS = YES;
				GCC_WARN_64_TO_32_BIT_CONVERSION = YES;
				GCC_WARN_ABOUT_RETURN_TYPE = YES_ERROR;
				GCC_WARN_UNDECLARED_SELECTOR = YES;
				GCC_WARN_UNINITIALIZED_AUTOS = YES_AGGRESSIVE;
				GCC_WARN_UNUSED_FUNCTION = YES;
				GCC_WARN_UNUSED_VARIABLE = YES;
				MTL_ENABLE_DEBUG_INFO = NO;
				MTL_FAST_MATH = YES;
				SWIFT_COMPILATION_MODE = wholemodule;
				SWIFT_OPTIMIZATION_LEVEL = "-O";
			};
			name = Release;
		};
		151423C026CDCF6D009C2C8B /* Debug */ = {
			isa = XCBuildConfiguration;
			buildSettings = {
				ASSETCATALOG_COMPILER_APPICON_NAME = AppIcon;
				ASSETCATALOG_COMPILER_GLOBAL_ACCENT_COLOR_NAME = AccentColor;
				CODE_SIGN_ENTITLEMENTS = "iOS/Telescope (iOS).entitlements";
				CODE_SIGN_STYLE = Automatic;
				CURRENT_PROJECT_VERSION = 1;
				DEVELOPMENT_TEAM = P6PV2R9443;
				ENABLE_PREVIEWS = YES;
				GENERATE_INFOPLIST_FILE = YES;
				INFOPLIST_FILE = "iOS/Telescope--iOS--Info.plist";
				INFOPLIST_KEY_UIApplicationSceneManifest_Generation = YES;
				INFOPLIST_KEY_UIApplicationSupportsIndirectInputEvents = YES;
				INFOPLIST_KEY_UILaunchScreen_Generation = YES;
				INFOPLIST_KEY_UISupportedInterfaceOrientations_iPad = "UIInterfaceOrientationPortrait UIInterfaceOrientationPortraitUpsideDown UIInterfaceOrientationLandscapeLeft UIInterfaceOrientationLandscapeRight";
				INFOPLIST_KEY_UISupportedInterfaceOrientations_iPhone = "UIInterfaceOrientationPortrait UIInterfaceOrientationLandscapeLeft UIInterfaceOrientationLandscapeRight";
				IPHONEOS_DEPLOYMENT_TARGET = 14.0;
				LD_RUNPATH_SEARCH_PATHS = (
					"$(inherited)",
					"@executable_path/Frameworks",
				);
				MARKETING_VERSION = 1.0;
				PRODUCT_BUNDLE_IDENTIFIER = com.hackclub.sh.linus.Telescope;
				PRODUCT_NAME = Telescope;
				SDKROOT = iphoneos;
				SWIFT_EMIT_LOC_STRINGS = YES;
				SWIFT_VERSION = 5.0;
				TARGETED_DEVICE_FAMILY = "1,2";
			};
			name = Debug;
		};
		151423C126CDCF6D009C2C8B /* Release */ = {
			isa = XCBuildConfiguration;
			buildSettings = {
				ASSETCATALOG_COMPILER_APPICON_NAME = AppIcon;
				ASSETCATALOG_COMPILER_GLOBAL_ACCENT_COLOR_NAME = AccentColor;
				CODE_SIGN_ENTITLEMENTS = "iOS/Telescope (iOS).entitlements";
				CODE_SIGN_STYLE = Automatic;
				CURRENT_PROJECT_VERSION = 1;
				DEVELOPMENT_TEAM = P6PV2R9443;
				ENABLE_PREVIEWS = YES;
				GENERATE_INFOPLIST_FILE = YES;
				INFOPLIST_FILE = "iOS/Telescope--iOS--Info.plist";
				INFOPLIST_KEY_UIApplicationSceneManifest_Generation = YES;
				INFOPLIST_KEY_UIApplicationSupportsIndirectInputEvents = YES;
				INFOPLIST_KEY_UILaunchScreen_Generation = YES;
				INFOPLIST_KEY_UISupportedInterfaceOrientations_iPad = "UIInterfaceOrientationPortrait UIInterfaceOrientationPortraitUpsideDown UIInterfaceOrientationLandscapeLeft UIInterfaceOrientationLandscapeRight";
				INFOPLIST_KEY_UISupportedInterfaceOrientations_iPhone = "UIInterfaceOrientationPortrait UIInterfaceOrientationLandscapeLeft UIInterfaceOrientationLandscapeRight";
				IPHONEOS_DEPLOYMENT_TARGET = 14.0;
				LD_RUNPATH_SEARCH_PATHS = (
					"$(inherited)",
					"@executable_path/Frameworks",
				);
				MARKETING_VERSION = 1.0;
				PRODUCT_BUNDLE_IDENTIFIER = com.hackclub.sh.linus.Telescope;
				PRODUCT_NAME = Telescope;
				SDKROOT = iphoneos;
				SWIFT_EMIT_LOC_STRINGS = YES;
				SWIFT_VERSION = 5.0;
				TARGETED_DEVICE_FAMILY = "1,2";
				VALIDATE_PRODUCT = YES;
			};
			name = Release;
		};
		151423C326CDCF6D009C2C8B /* Debug */ = {
			isa = XCBuildConfiguration;
			buildSettings = {
				ASSETCATALOG_COMPILER_APPICON_NAME = AppIcon;
				ASSETCATALOG_COMPILER_GLOBAL_ACCENT_COLOR_NAME = AccentColor;
				CODE_SIGN_ENTITLEMENTS = "macOS/Telescope (macOS).entitlements";
				CODE_SIGN_STYLE = Automatic;
				COMBINE_HIDPI_IMAGES = YES;
				CURRENT_PROJECT_VERSION = 1;
				DEVELOPMENT_TEAM = P6PV2R9443;
				ENABLE_APP_SANDBOX = YES;
				ENABLE_HARDENED_RUNTIME = YES;
				ENABLE_PREVIEWS = YES;
				ENABLE_USER_SELECTED_FILES = readwrite;
				GENERATE_INFOPLIST_FILE = YES;
				INFOPLIST_KEY_NSHumanReadableCopyright = "";
				LD_RUNPATH_SEARCH_PATHS = (
					"$(inherited)",
					"@executable_path/../Frameworks",
				);
				MACOSX_DEPLOYMENT_TARGET = 11.0;
				MARKETING_VERSION = 1.0;
				PRODUCT_BUNDLE_IDENTIFIER = com.hackclub.sh.linus.Telescope;
				PRODUCT_NAME = Telescope;
				SDKROOT = macosx;
				SWIFT_EMIT_LOC_STRINGS = YES;
				SWIFT_VERSION = 5.0;
			};
			name = Debug;
		};
		151423C426CDCF6D009C2C8B /* Release */ = {
			isa = XCBuildConfiguration;
			buildSettings = {
				ASSETCATALOG_COMPILER_APPICON_NAME = AppIcon;
				ASSETCATALOG_COMPILER_GLOBAL_ACCENT_COLOR_NAME = AccentColor;
				CODE_SIGN_ENTITLEMENTS = "macOS/Telescope (macOS).entitlements";
				CODE_SIGN_STYLE = Automatic;
				COMBINE_HIDPI_IMAGES = YES;
				CURRENT_PROJECT_VERSION = 1;
				DEVELOPMENT_TEAM = P6PV2R9443;
				ENABLE_APP_SANDBOX = YES;
				ENABLE_HARDENED_RUNTIME = YES;
				ENABLE_PREVIEWS = YES;
				ENABLE_USER_SELECTED_FILES = readwrite;
				GENERATE_INFOPLIST_FILE = YES;
				INFOPLIST_KEY_NSHumanReadableCopyright = "";
				LD_RUNPATH_SEARCH_PATHS = (
					"$(inherited)",
					"@executable_path/../Frameworks",
				);
				MACOSX_DEPLOYMENT_TARGET = 11.0;
				MARKETING_VERSION = 1.0;
				PRODUCT_BUNDLE_IDENTIFIER = com.hackclub.sh.linus.Telescope;
				PRODUCT_NAME = Telescope;
				SDKROOT = macosx;
				SWIFT_EMIT_LOC_STRINGS = YES;
				SWIFT_VERSION = 5.0;
			};
			name = Release;
		};
		151423C626CDCF6D009C2C8B /* Debug */ = {
			isa = XCBuildConfiguration;
			buildSettings = {
				ALWAYS_EMBED_SWIFT_STANDARD_LIBRARIES = YES;
				CODE_SIGN_STYLE = Automatic;
				CURRENT_PROJECT_VERSION = 1;
				DEVELOPMENT_TEAM = P6PV2R9443;
				GENERATE_INFOPLIST_FILE = YES;
				IPHONEOS_DEPLOYMENT_TARGET = 15.0;
				LD_RUNPATH_SEARCH_PATHS = (
					"$(inherited)",
					"@executable_path/Frameworks",
					"@loader_path/Frameworks",
				);
				MARKETING_VERSION = 1.0;
				PRODUCT_BUNDLE_IDENTIFIER = "com.hackclub.sh.linus.Tests-iOS";
				PRODUCT_NAME = "$(TARGET_NAME)";
				SDKROOT = iphoneos;
				SWIFT_EMIT_LOC_STRINGS = NO;
				SWIFT_VERSION = 5.0;
				TARGETED_DEVICE_FAMILY = "1,2";
				TEST_TARGET_NAME = "Telescope (iOS)";
			};
			name = Debug;
		};
		151423C726CDCF6D009C2C8B /* Release */ = {
			isa = XCBuildConfiguration;
			buildSettings = {
				ALWAYS_EMBED_SWIFT_STANDARD_LIBRARIES = YES;
				CODE_SIGN_STYLE = Automatic;
				CURRENT_PROJECT_VERSION = 1;
				DEVELOPMENT_TEAM = P6PV2R9443;
				GENERATE_INFOPLIST_FILE = YES;
				IPHONEOS_DEPLOYMENT_TARGET = 15.0;
				LD_RUNPATH_SEARCH_PATHS = (
					"$(inherited)",
					"@executable_path/Frameworks",
					"@loader_path/Frameworks",
				);
				MARKETING_VERSION = 1.0;
				PRODUCT_BUNDLE_IDENTIFIER = "com.hackclub.sh.linus.Tests-iOS";
				PRODUCT_NAME = "$(TARGET_NAME)";
				SDKROOT = iphoneos;
				SWIFT_EMIT_LOC_STRINGS = NO;
				SWIFT_VERSION = 5.0;
				TARGETED_DEVICE_FAMILY = "1,2";
				TEST_TARGET_NAME = "Telescope (iOS)";
				VALIDATE_PRODUCT = YES;
			};
			name = Release;
		};
		151423C926CDCF6D009C2C8B /* Debug */ = {
			isa = XCBuildConfiguration;
			buildSettings = {
				ALWAYS_EMBED_SWIFT_STANDARD_LIBRARIES = YES;
				CODE_SIGN_STYLE = Automatic;
				COMBINE_HIDPI_IMAGES = YES;
				CURRENT_PROJECT_VERSION = 1;
				DEVELOPMENT_TEAM = P6PV2R9443;
				GENERATE_INFOPLIST_FILE = YES;
				LD_RUNPATH_SEARCH_PATHS = (
					"$(inherited)",
					"@executable_path/../Frameworks",
					"@loader_path/../Frameworks",
				);
				MACOSX_DEPLOYMENT_TARGET = 11.5;
				MARKETING_VERSION = 1.0;
				PRODUCT_BUNDLE_IDENTIFIER = "com.hackclub.sh.linus.Tests-macOS";
				PRODUCT_NAME = "$(TARGET_NAME)";
				SDKROOT = macosx;
				SWIFT_EMIT_LOC_STRINGS = NO;
				SWIFT_VERSION = 5.0;
				TEST_TARGET_NAME = "Telescope (macOS)";
			};
			name = Debug;
		};
		151423CA26CDCF6D009C2C8B /* Release */ = {
			isa = XCBuildConfiguration;
			buildSettings = {
				ALWAYS_EMBED_SWIFT_STANDARD_LIBRARIES = YES;
				CODE_SIGN_STYLE = Automatic;
				COMBINE_HIDPI_IMAGES = YES;
				CURRENT_PROJECT_VERSION = 1;
				DEVELOPMENT_TEAM = P6PV2R9443;
				GENERATE_INFOPLIST_FILE = YES;
				LD_RUNPATH_SEARCH_PATHS = (
					"$(inherited)",
					"@executable_path/../Frameworks",
					"@loader_path/../Frameworks",
				);
				MACOSX_DEPLOYMENT_TARGET = 11.5;
				MARKETING_VERSION = 1.0;
				PRODUCT_BUNDLE_IDENTIFIER = "com.hackclub.sh.linus.Tests-macOS";
				PRODUCT_NAME = "$(TARGET_NAME)";
				SDKROOT = macosx;
				SWIFT_EMIT_LOC_STRINGS = NO;
				SWIFT_VERSION = 5.0;
				TEST_TARGET_NAME = "Telescope (macOS)";
			};
			name = Release;
		};
/* End XCBuildConfiguration section */

/* Begin XCConfigurationList section */
		1514238826CDCF6A009C2C8B /* Build configuration list for PBXProject "Telescope" */ = {
			isa = XCConfigurationList;
			buildConfigurations = (
				151423BD26CDCF6D009C2C8B /* Debug */,
				151423BE26CDCF6D009C2C8B /* Release */,
			);
			defaultConfigurationIsVisible = 0;
			defaultConfigurationName = Release;
		};
		151423BF26CDCF6D009C2C8B /* Build configuration list for PBXNativeTarget "Telescope (iOS)" */ = {
			isa = XCConfigurationList;
			buildConfigurations = (
				151423C026CDCF6D009C2C8B /* Debug */,
				151423C126CDCF6D009C2C8B /* Release */,
			);
			defaultConfigurationIsVisible = 0;
			defaultConfigurationName = Release;
		};
		151423C226CDCF6D009C2C8B /* Build configuration list for PBXNativeTarget "Telescope (macOS)" */ = {
			isa = XCConfigurationList;
			buildConfigurations = (
				151423C326CDCF6D009C2C8B /* Debug */,
				151423C426CDCF6D009C2C8B /* Release */,
			);
			defaultConfigurationIsVisible = 0;
			defaultConfigurationName = Release;
		};
		151423C526CDCF6D009C2C8B /* Build configuration list for PBXNativeTarget "Tests iOS" */ = {
			isa = XCConfigurationList;
			buildConfigurations = (
				151423C626CDCF6D009C2C8B /* Debug */,
				151423C726CDCF6D009C2C8B /* Release */,
			);
			defaultConfigurationIsVisible = 0;
			defaultConfigurationName = Release;
		};
		151423C826CDCF6D009C2C8B /* Build configuration list for PBXNativeTarget "Tests macOS" */ = {
			isa = XCConfigurationList;
			buildConfigurations = (
				151423C926CDCF6D009C2C8B /* Debug */,
				151423CA26CDCF6D009C2C8B /* Release */,
			);
			defaultConfigurationIsVisible = 0;
			defaultConfigurationName = Release;
		};
/* End XCConfigurationList section */

/* Begin XCVersionGroup section */
		1514238A26CDCF6B009C2C8B /* Telescope.xcdatamodeld */ = {
			isa = XCVersionGroup;
			children = (
				1514238B26CDCF6B009C2C8B /* Shared.xcdatamodel */,
			);
			currentVersion = 1514238B26CDCF6B009C2C8B /* Shared.xcdatamodel */;
			path = Telescope.xcdatamodeld;
			sourceTree = "<group>";
			versionGroupType = wrapper.xcdatamodel;
		};
/* End XCVersionGroup section */
	};
	rootObject = 1514238526CDCF6A009C2C8B /* Project object */;
}
